<?xml version="1.0" encoding="utf-8"?>
<Project ToolsVersion="4.0" xmlns="http://schemas.microsoft.com/developer/msbuild/2003">
  <ItemGroup>
    <Filter Include="Source Files">
      <UniqueIdentifier>{4FC737F1-C7A5-4376-A066-2A32D752A2FF}</UniqueIdentifier>
      <Extensions>cpp;c;cc;cxx;def;odl;idl;hpj;bat;asm;asmx</Extensions>
    </Filter>
    <Filter Include="Header Files">
      <UniqueIdentifier>{93995380-89BD-4b04-88EB-625FBE52EBFB}</UniqueIdentifier>
      <Extensions>h;hh;hpp;hxx;hm;inl;inc;xsd</Extensions>
    </Filter>
    <Filter Include="Resource Files">
      <UniqueIdentifier>{67DA6AB6-F800-4c08-8B7A-83BB121AAD01}</UniqueIdentifier>
      <Extensions>rc;ico;cur;bmp;dlg;rc2;rct;bin;rgs;gif;jpg;jpeg;jpe;resx;tiff;tif;png;wav;mfcribbon-ms</Extensions>
    </Filter>
    <Filter Include="Generated Files">
      <UniqueIdentifier>{4083aa27-945a-4648-929f-ee2cafaa66c9}</UniqueIdentifier>
      <SourceControlFiles>False</SourceControlFiles>
    </Filter>
  </ItemGroup>
  <ItemGroup>
    <ClCompile Include="src\defaults.cc">
      <Filter>Source Files</Filter>
    </ClCompile>
    <ClCompile Include="src\conductor.cc">
      <Filter>Source Files</Filter>
    </ClCompile>
    <ClCompile Include="src\dllmain.cpp">
      <Filter>Source Files</Filter>
    </ClCompile>
    <ClCompile Include="src\main_wnd.cc">
      <Filter>Source Files</Filter>
    </ClCompile>
    <ClCompile Include="src\peer_connection_client.cc">
      <Filter>Source Files</Filter>
    </ClCompile>
    <ClCompile Include="src\WebRTC_ATL.cpp">
      <Filter>Source Files</Filter>
    </ClCompile>
    <ClCompile Include="src\stdafx.cpp">
      <Filter>Source Files</Filter>
    </ClCompile>
    <ClCompile Include="src\WebRTCAPI.cpp">
      <Filter>Source Files</Filter>
    </ClCompile>
    <ClCompile Include="WebRTC_ATL_i.c">
      <Filter>Generated Files</Filter>
    </ClCompile>
  </ItemGroup>
  <ItemGroup>
    <ClInclude Include="..\WebRTC_ActiveX\flagdefs.h">
      <Filter>Header Files</Filter>
    </ClInclude>
    <ClInclude Include="include\_IWebRTCAPIEvents_CP.h">
      <Filter>Header Files</Filter>
    </ClInclude>
    <ClInclude Include="include\conductor.h">
      <Filter>Header Files</Filter>
    </ClInclude>
    <ClInclude Include="include\defaults.h">
      <Filter>Header Files</Filter>
    </ClInclude>
    <ClInclude Include="include\dllmain.h">
      <Filter>Header Files</Filter>
    </ClInclude>
    <ClInclude Include="include\Interface.h">
      <Filter>Header Files</Filter>
    </ClInclude>
    <ClInclude Include="include\main_wnd.h">
      <Filter>Header Files</Filter>
    </ClInclude>
    <ClInclude Include="include\peer_connection_client.h">
      <Filter>Header Files</Filter>
    </ClInclude>
    <ClInclude Include="include\Resource.h">
      <Filter>Header Files</Filter>
    </ClInclude>
    <ClInclude Include="include\targetver.h">
      <Filter>Header Files</Filter>
    </ClInclude>
    <ClInclude Include="include\WebRTCAPI.h">
      <Filter>Header Files</Filter>
    </ClInclude>
    <ClInclude Include="include\stdafx.h">
      <Filter>Header Files</Filter>
    </ClInclude>
    <ClInclude Include="WebRTC_ATL_i.h">
      <Filter>Generated Files</Filter>
    </ClInclude>
  </ItemGroup>
  <ItemGroup>
    <ResourceCompile Include="WebRTC_ATL.rc">
      <Filter>Resource Files</Filter>
    </ResourceCompile>
  </ItemGroup>
  <ItemGroup>
    <None Include="WebRTC_ATL.rgs">
      <Filter>Resource Files</Filter>
    </None>
    <None Include="WebRTC_ATL.def">
      <Filter>Source Files</Filter>
    </None>
    <None Include="WebRTCAPI.htm" />
    <None Include="WebRTCAPI.rgs">
      <Filter>Resource Files</Filter>
    </None>
    <None Include=".gitignore" />
    <None Include="README.md" />
    <None Include="ie.js" />
  </ItemGroup>
  <ItemGroup>
    <Midl Include="WebRTC_ATL.idl">
      <Filter>Source Files</Filter>
    </Midl>
  </ItemGroup>
  <ItemGroup>
    <Image Include="WebRTCAPI1.bmp">
      <Filter>Resource Files</Filter>
    </Image>
  </ItemGroup>
  <ItemGroup>
    <Text Include="ActiveXReadMe.txt" />
  </ItemGroup>
</Project>